
Microsoft Visual Studio Solution File, Format Version 11.00
# Visual Studio 2010
Project("{8BC9CEB8-8B4A-11D0-8D11-00A0C91BC942}") = "ContextFreeNet", "ContextFreeNetVS11.vcxproj", "{43ABF07A-182E-4202-966E-D341B09077D8}"
EndProject
Project("{FAE04EC0-301F-11D3-BF4B-00C04F79EFBC}") = "Controls", "Controls\Controls.csproj", "{870C7D59-F59B-44D1-961E-C4341DAA5306}"
EndProject
Project("{FAE04EC0-301F-11D3-BF4B-00C04F79EFBC}") = "FileDlgExtenders", "FileDlgExtenders\FileDlgExtenders.csproj", "{9B4DA48C-6D11-46C9-A63D-D369E9C5FE42}"
EndProject
Project("{8BC9CEB8-8B4A-11D0-8D11-00A0C91BC942}") = "CFControls", "CFControls\CFControlsVS11.vcxproj", "{7751677E-7CF7-475A-AA91-339625977A4F}"
EndProject
Project("{FAE04EC0-301F-11D3-BF4B-00C04F79EFBC}") = "WinFormsUI", "WinFormsUI\WinFormsUI.csproj", "{C75532C4-765B-418E-B09B-46D36B2ABDB1}"
EndProject
Global
	GlobalSection(SolutionConfigurationPlatforms) = preSolution
		Debug|Any CPU = Debug|Any CPU
		Debug|Mixed Platforms = Debug|Mixed Platforms
		Debug|Win32 = Debug|Win32
		Debug|x64 = Debug|x64
		Debug64|Any CPU = Debug64|Any CPU
		Debug64|Mixed Platforms = Debug64|Mixed Platforms
		Debug64|Win32 = Debug64|Win32
		Debug64|x64 = Debug64|x64
		Release|Any CPU = Release|Any CPU
		Release|Mixed Platforms = Release|Mixed Platforms
		Release|Win32 = Release|Win32
		Release|x64 = Release|x64
		Release64|Any CPU = Release64|Any CPU
		Release64|Mixed Platforms = Release64|Mixed Platforms
		Release64|Win32 = Release64|Win32
		Release64|x64 = Release64|x64
	EndGlobalSection
	GlobalSection(ProjectConfigurationPlatforms) = postSolution
		{43ABF07A-182E-4202-966E-D341B09077D8}.Debug|Any CPU.ActiveCfg = Debug|Win32
		{43ABF07A-182E-4202-966E-D341B09077D8}.Debug|Mixed Platforms.ActiveCfg = Debug|Win32
		{43ABF07A-182E-4202-966E-D341B09077D8}.Debug|Mixed Platforms.Build.0 = Debug|Win32
		{43ABF07A-182E-4202-966E-D341B09077D8}.Debug|Win32.ActiveCfg = Debug|Win32
		{43ABF07A-182E-4202-966E-D341B09077D8}.Debug|Win32.Build.0 = Debug|Win32
		{43ABF07A-182E-4202-966E-D341B09077D8}.Debug|x64.ActiveCfg = Debug|x64
		{43ABF07A-182E-4202-966E-D341B09077D8}.Debug|x64.Build.0 = Debug|x64
		{43ABF07A-182E-4202-966E-D341B09077D8}.Debug64|Any CPU.ActiveCfg = Debug64|Win32
		{43ABF07A-182E-4202-966E-D341B09077D8}.Debug64|Mixed Platforms.ActiveCfg = Debug64|Win32
		{43ABF07A-182E-4202-966E-D341B09077D8}.Debug64|Mixed Platforms.Build.0 = Debug64|Win32
		{43ABF07A-182E-4202-966E-D341B09077D8}.Debug64|Win32.ActiveCfg = Debug64|Win32
		{43ABF07A-182E-4202-966E-D341B09077D8}.Debug64|Win32.Build.0 = Debug64|Win32
		{43ABF07A-182E-4202-966E-D341B09077D8}.Debug64|x64.ActiveCfg = Debug64|x64
		{43ABF07A-182E-4202-966E-D341B09077D8}.Debug64|x64.Build.0 = Debug64|x64
		{43ABF07A-182E-4202-966E-D341B09077D8}.Release|Any CPU.ActiveCfg = Release|Win32
		{43ABF07A-182E-4202-966E-D341B09077D8}.Release|Mixed Platforms.ActiveCfg = Release|Win32
		{43ABF07A-182E-4202-966E-D341B09077D8}.Release|Mixed Platforms.Build.0 = Release|Win32
		{43ABF07A-182E-4202-966E-D341B09077D8}.Release|Win32.ActiveCfg = Release|Win32
		{43ABF07A-182E-4202-966E-D341B09077D8}.Release|Win32.Build.0 = Release|Win32
		{43ABF07A-182E-4202-966E-D341B09077D8}.Release|x64.ActiveCfg = Release|x64
		{43ABF07A-182E-4202-966E-D341B09077D8}.Release|x64.Build.0 = Release|x64
		{43ABF07A-182E-4202-966E-D341B09077D8}.Release64|Any CPU.ActiveCfg = Release64|x64
		{43ABF07A-182E-4202-966E-D341B09077D8}.Release64|Mixed Platforms.ActiveCfg = Release64|x64
		{43ABF07A-182E-4202-966E-D341B09077D8}.Release64|Mixed Platforms.Build.0 = Release64|x64
		{43ABF07A-182E-4202-966E-D341B09077D8}.Release64|Win32.ActiveCfg = Release64|Win32
		{43ABF07A-182E-4202-966E-D341B09077D8}.Release64|Win32.Build.0 = Release64|Win32
		{43ABF07A-182E-4202-966E-D341B09077D8}.Release64|x64.ActiveCfg = Release64|x64
		{43ABF07A-182E-4202-966E-D341B09077D8}.Release64|x64.Build.0 = Release64|x64
		{870C7D59-F59B-44D1-961E-C4341DAA5306}.Debug|Any CPU.ActiveCfg = Debug|Any CPU
		{870C7D59-F59B-44D1-961E-C4341DAA5306}.Debug|Any CPU.Build.0 = Debug|Any CPU
		{870C7D59-F59B-44D1-961E-C4341DAA5306}.Debug|Mixed Platforms.ActiveCfg = Debug|Any CPU
		{870C7D59-F59B-44D1-961E-C4341DAA5306}.Debug|Mixed Platforms.Build.0 = Debug|Any CPU
		{870C7D59-F59B-44D1-961E-C4341DAA5306}.Debug|Win32.ActiveCfg = Debug|Any CPU
		{870C7D59-F59B-44D1-961E-C4341DAA5306}.Debug|x64.ActiveCfg = Debug|x64
		{870C7D59-F59B-44D1-961E-C4341DAA5306}.Debug|x64.Build.0 = Debug|x64
		{870C7D59-F59B-44D1-961E-C4341DAA5306}.Debug64|Any CPU.ActiveCfg = Debug64|Any CPU
		{870C7D59-F59B-44D1-961E-C4341DAA5306}.Debug64|Any CPU.Build.0 = Debug64|Any CPU
		{870C7D59-F59B-44D1-961E-C4341DAA5306}.Debug64|Mixed Platforms.ActiveCfg = Debug64|Any CPU
		{870C7D59-F59B-44D1-961E-C4341DAA5306}.Debug64|Mixed Platforms.Build.0 = Debug64|Any CPU
		{870C7D59-F59B-44D1-961E-C4341DAA5306}.Debug64|Win32.ActiveCfg = Debug64|Any CPU
		{870C7D59-F59B-44D1-961E-C4341DAA5306}.Debug64|x64.ActiveCfg = Debug64|x64
		{870C7D59-F59B-44D1-961E-C4341DAA5306}.Debug64|x64.Build.0 = Debug64|x64
		{870C7D59-F59B-44D1-961E-C4341DAA5306}.Release|Any CPU.ActiveCfg = Release|Any CPU
		{870C7D59-F59B-44D1-961E-C4341DAA5306}.Release|Any CPU.Build.0 = Release|Any CPU
		{870C7D59-F59B-44D1-961E-C4341DAA5306}.Release|Mixed Platforms.ActiveCfg = Release|Any CPU
		{870C7D59-F59B-44D1-961E-C4341DAA5306}.Release|Mixed Platforms.Build.0 = Release|Any CPU
		{870C7D59-F59B-44D1-961E-C4341DAA5306}.Release|Win32.ActiveCfg = Release|Any CPU
		{870C7D59-F59B-44D1-961E-C4341DAA5306}.Release|x64.ActiveCfg = Release|x64
		{870C7D59-F59B-44D1-961E-C4341DAA5306}.Release|x64.Build.0 = Release|x64
		{870C7D59-F59B-44D1-961E-C4341DAA5306}.Release64|Any CPU.ActiveCfg = Release64|Any CPU
		{870C7D59-F59B-44D1-961E-C4341DAA5306}.Release64|Any CPU.Build.0 = Release64|Any CPU
		{870C7D59-F59B-44D1-961E-C4341DAA5306}.Release64|Mixed Platforms.ActiveCfg = Release64|x64
		{870C7D59-F59B-44D1-961E-C4341DAA5306}.Release64|Mixed Platforms.Build.0 = Release64|x64
		{870C7D59-F59B-44D1-961E-C4341DAA5306}.Release64|Win32.ActiveCfg = Release64|x64
		{870C7D59-F59B-44D1-961E-C4341DAA5306}.Release64|x64.ActiveCfg = Release64|x64
		{870C7D59-F59B-44D1-961E-C4341DAA5306}.Release64|x64.Build.0 = Release64|x64
		{9B4DA48C-6D11-46C9-A63D-D369E9C5FE42}.Debug|Any CPU.ActiveCfg = Debug|Any CPU
		{9B4DA48C-6D11-46C9-A63D-D369E9C5FE42}.Debug|Any CPU.Build.0 = Debug|Any CPU
		{9B4DA48C-6D11-46C9-A63D-D369E9C5FE42}.Debug|Mixed Platforms.ActiveCfg = Debug|Any CPU
		{9B4DA48C-6D11-46C9-A63D-D369E9C5FE42}.Debug|Mixed Platforms.Build.0 = Debug|Any CPU
		{9B4DA48C-6D11-46C9-A63D-D369E9C5FE42}.Debug|Win32.ActiveCfg = Debug|Any CPU
		{9B4DA48C-6D11-46C9-A63D-D369E9C5FE42}.Debug|x64.ActiveCfg = Debug|x64
		{9B4DA48C-6D11-46C9-A63D-D369E9C5FE42}.Debug|x64.Build.0 = Debug|x64
		{9B4DA48C-6D11-46C9-A63D-D369E9C5FE42}.Debug64|Any CPU.ActiveCfg = Debug64|Any CPU
		{9B4DA48C-6D11-46C9-A63D-D369E9C5FE42}.Debug64|Any CPU.Build.0 = Debug64|Any CPU
		{9B4DA48C-6D11-46C9-A63D-D369E9C5FE42}.Debug64|Mixed Platforms.ActiveCfg = Debug64|Any CPU
		{9B4DA48C-6D11-46C9-A63D-D369E9C5FE42}.Debug64|Mixed Platforms.Build.0 = Debug64|Any CPU
		{9B4DA48C-6D11-46C9-A63D-D369E9C5FE42}.Debug64|Win32.ActiveCfg = Debug64|Any CPU
		{9B4DA48C-6D11-46C9-A63D-D369E9C5FE42}.Debug64|x64.ActiveCfg = Debug64|x64
		{9B4DA48C-6D11-46C9-A63D-D369E9C5FE42}.Debug64|x64.Build.0 = Debug64|x64
		{9B4DA48C-6D11-46C9-A63D-D369E9C5FE42}.Release|Any CPU.ActiveCfg = Release|Any CPU
		{9B4DA48C-6D11-46C9-A63D-D369E9C5FE42}.Release|Any CPU.Build.0 = Release|Any CPU
		{9B4DA48C-6D11-46C9-A63D-D369E9C5FE42}.Release|Mixed Platforms.ActiveCfg = Release|Any CPU
		{9B4DA48C-6D11-46C9-A63D-D369E9C5FE42}.Release|Mixed Platforms.Build.0 = Release|Any CPU
		{9B4DA48C-6D11-46C9-A63D-D369E9C5FE42}.Release|Win32.ActiveCfg = Release|Any CPU
		{9B4DA48C-6D11-46C9-A63D-D369E9C5FE42}.Release|x64.ActiveCfg = Release|x64
		{9B4DA48C-6D11-46C9-A63D-D369E9C5FE42}.Release|x64.Build.0 = Release|x64
		{9B4DA48C-6D11-46C9-A63D-D369E9C5FE42}.Release64|Any CPU.ActiveCfg = Release64|Any CPU
		{9B4DA48C-6D11-46C9-A63D-D369E9C5FE42}.Release64|Any CPU.Build.0 = Release64|Any CPU
		{9B4DA48C-6D11-46C9-A63D-D369E9C5FE42}.Release64|Mixed Platforms.ActiveCfg = Release64|x64
		{9B4DA48C-6D11-46C9-A63D-D369E9C5FE42}.Release64|Mixed Platforms.Build.0 = Release64|x64
		{9B4DA48C-6D11-46C9-A63D-D369E9C5FE42}.Release64|Win32.ActiveCfg = Release64|x64
		{9B4DA48C-6D11-46C9-A63D-D369E9C5FE42}.Release64|x64.ActiveCfg = Release64|x64
		{9B4DA48C-6D11-46C9-A63D-D369E9C5FE42}.Release64|x64.Build.0 = Release64|x64
		{7751677E-7CF7-475A-AA91-339625977A4F}.Debug|Any CPU.ActiveCfg = Debug|Win32
		{7751677E-7CF7-475A-AA91-339625977A4F}.Debug|Mixed Platforms.ActiveCfg = Debug|Win32
		{7751677E-7CF7-475A-AA91-339625977A4F}.Debug|Mixed Platforms.Build.0 = Debug|Win32
		{7751677E-7CF7-475A-AA91-339625977A4F}.Debug|Win32.ActiveCfg = Debug|Win32
		{7751677E-7CF7-475A-AA91-339625977A4F}.Debug|Win32.Build.0 = Debug|Win32
		{7751677E-7CF7-475A-AA91-339625977A4F}.Debug|x64.ActiveCfg = Debug|x64
		{7751677E-7CF7-475A-AA91-339625977A4F}.Debug|x64.Build.0 = Debug|x64
		{7751677E-7CF7-475A-AA91-339625977A4F}.Debug64|Any CPU.ActiveCfg = Debug64|Win32
		{7751677E-7CF7-475A-AA91-339625977A4F}.Debug64|Mixed Platforms.ActiveCfg = Debug64|Win32
		{7751677E-7CF7-475A-AA91-339625977A4F}.Debug64|Mixed Platforms.Build.0 = Debug64|Win32
		{7751677E-7CF7-475A-AA91-339625977A4F}.Debug64|Win32.ActiveCfg = Debug64|Win32
		{7751677E-7CF7-475A-AA91-339625977A4F}.Debug64|Win32.Build.0 = Debug64|Win32
		{7751677E-7CF7-475A-AA91-339625977A4F}.Debug64|x64.ActiveCfg = Debug64|x64
		{7751677E-7CF7-475A-AA91-339625977A4F}.Debug64|x64.Build.0 = Debug64|x64
		{7751677E-7CF7-475A-AA91-339625977A4F}.Release|Any CPU.ActiveCfg = Release|Win32
		{7751677E-7CF7-475A-AA91-339625977A4F}.Release|Mixed Platforms.ActiveCfg = Release|Win32
		{7751677E-7CF7-475A-AA91-339625977A4F}.Release|Mixed Platforms.Build.0 = Release|Win32
		{7751677E-7CF7-475A-AA91-339625977A4F}.Release|Win32.ActiveCfg = Release|Win32
		{7751677E-7CF7-475A-AA91-339625977A4F}.Release|Win32.Build.0 = Release|Win32
		{7751677E-7CF7-475A-AA91-339625977A4F}.Release|x64.ActiveCfg = Release|x64
		{7751677E-7CF7-475A-AA91-339625977A4F}.Release|x64.Build.0 = Release|x64
		{7751677E-7CF7-475A-AA91-339625977A4F}.Release64|Any CPU.ActiveCfg = Release64|x64
		{7751677E-7CF7-475A-AA91-339625977A4F}.Release64|Mixed Platforms.ActiveCfg = Release64|x64
		{7751677E-7CF7-475A-AA91-339625977A4F}.Release64|Mixed Platforms.Build.0 = Release64|x64
		{7751677E-7CF7-475A-AA91-339625977A4F}.Release64|Win32.ActiveCfg = Release64|Win32
		{7751677E-7CF7-475A-AA91-339625977A4F}.Release64|Win32.Build.0 = Release64|Win32
		{7751677E-7CF7-475A-AA91-339625977A4F}.Release64|x64.ActiveCfg = Release64|x64
		{7751677E-7CF7-475A-AA91-339625977A4F}.Release64|x64.Build.0 = Release64|x64
		{C75532C4-765B-418E-B09B-46D36B2ABDB1}.Debug|Any CPU.ActiveCfg = Debug|Any CPU
		{C75532C4-765B-418E-B09B-46D36B2ABDB1}.Debug|Any CPU.Build.0 = Debug|Any CPU
		{C75532C4-765B-418E-B09B-46D36B2ABDB1}.Debug|Mixed Platforms.ActiveCfg = Debug|Any CPU
		{C75532C4-765B-418E-B09B-46D36B2ABDB1}.Debug|Mixed Platforms.Build.0 = Debug|Any CPU
		{C75532C4-765B-418E-B09B-46D36B2ABDB1}.Debug|Win32.ActiveCfg = Debug|Any CPU
		{C75532C4-765B-418E-B09B-46D36B2ABDB1}.Debug|x64.ActiveCfg = Debug|Any CPU
		{C75532C4-765B-418E-B09B-46D36B2ABDB1}.Debug|x64.Build.0 = Debug|Any CPU
		{C75532C4-765B-418E-B09B-46D36B2ABDB1}.Debug64|Any CPU.ActiveCfg = Debug|Any CPU
		{C75532C4-765B-418E-B09B-46D36B2ABDB1}.Debug64|Any CPU.Build.0 = Debug|Any CPU
		{C75532C4-765B-418E-B09B-46D36B2ABDB1}.Debug64|Mixed Platforms.ActiveCfg = Debug|Any CPU
		{C75532C4-765B-418E-B09B-46D36B2ABDB1}.Debug64|Mixed Platforms.Build.0 = Debug|Any CPU
		{C75532C4-765B-418E-B09B-46D36B2ABDB1}.Debug64|Win32.ActiveCfg = Debug|Any CPU
		{C75532C4-765B-418E-B09B-46D36B2ABDB1}.Debug64|x64.ActiveCfg = Debug|Any CPU
		{C75532C4-765B-418E-B09B-46D36B2ABDB1}.Debug64|x64.Build.0 = Debug|Any CPU
		{C75532C4-765B-418E-B09B-46D36B2ABDB1}.Release|Any CPU.ActiveCfg = Release|Any CPU
		{C75532C4-765B-418E-B09B-46D36B2ABDB1}.Release|Any CPU.Build.0 = Release|Any CPU
		{C75532C4-765B-418E-B09B-46D36B2ABDB1}.Release|Mixed Platforms.ActiveCfg = Release|Any CPU
		{C75532C4-765B-418E-B09B-46D36B2ABDB1}.Release|Mixed Platforms.Build.0 = Release|Any CPU
		{C75532C4-765B-418E-B09B-46D36B2ABDB1}.Release|Win32.ActiveCfg = Release|Any CPU
		{C75532C4-765B-418E-B09B-46D36B2ABDB1}.Release|x64.ActiveCfg = Release|Any CPU
		{C75532C4-765B-418E-B09B-46D36B2ABDB1}.Release|x64.Build.0 = Release|Any CPU
		{C75532C4-765B-418E-B09B-46D36B2ABDB1}.Release64|Any CPU.ActiveCfg = Release|Any CPU
		{C75532C4-765B-418E-B09B-46D36B2ABDB1}.Release64|Any CPU.Build.0 = Release|Any CPU
		{C75532C4-765B-418E-B09B-46D36B2ABDB1}.Release64|Mixed Platforms.ActiveCfg = Release|Any CPU
		{C75532C4-765B-418E-B09B-46D36B2ABDB1}.Release64|Mixed Platforms.Build.0 = Release|Any CPU
		{C75532C4-765B-418E-B09B-46D36B2ABDB1}.Release64|Win32.ActiveCfg = Release|Any CPU
		{C75532C4-765B-418E-B09B-46D36B2ABDB1}.Release64|x64.ActiveCfg = Release|Any CPU
		{C75532C4-765B-418E-B09B-46D36B2ABDB1}.Release64|x64.Build.0 = Release|Any CPU
	EndGlobalSection
	GlobalSection(SolutionProperties) = preSolution
		HideSolutionNode = FALSE
	EndGlobalSection
EndGlobal
