<?xml version="1.0" encoding="utf-8"?>
<Project ToolsVersion="4.0" xmlns="http://schemas.microsoft.com/developer/msbuild/2003">
  <ItemGroup>
    <Filter Include="Source Files">
      <UniqueIdentifier>{4FC737F1-C7A5-4376-A066-2A32D752A2FF}</UniqueIdentifier>
      <Extensions>cpp;c;cc;cxx;def;odl;idl;hpj;bat;asm;asmx</Extensions>
    </Filter>
    <Filter Include="Header Files">
      <UniqueIdentifier>{93995380-89BD-4b04-88EB-625FBE52EBFB}</UniqueIdentifier>
      <Extensions>h;hpp;hxx;hm;inl;inc;xsd</Extensions>
    </Filter>
    <Filter Include="Resource Files">
      <UniqueIdentifier>{67DA6AB6-F800-4c08-8B7A-83BB121AAD01}</UniqueIdentifier>
      <Extensions>rc;ico;cur;bmp;dlg;rc2;rct;bin;rgs;gif;jpg;jpeg;jpe;resx;tiff;tif;png;wav</Extensions>
    </Filter>
  </ItemGroup>
  <ItemGroup>
    <ClCompile Include="AboutBox.cpp">
      <Filter>Source Files</Filter>
    </ClCompile>
    <ClCompile Include="..\src-agg\src\agg_bezier_arc.cpp">
      <Filter>Source Files</Filter>
    </ClCompile>
    <ClCompile Include="..\src-agg\src\agg_color_rgba.cpp">
      <Filter>Source Files</Filter>
    </ClCompile>
    <ClCompile Include="..\src-agg\src\agg_curves.cpp">
      <Filter>Source Files</Filter>
    </ClCompile>
    <ClCompile Include="..\src-agg\src\agg_trans_affine.cpp">
      <Filter>Source Files</Filter>
    </ClCompile>
    <ClCompile Include="..\src-agg\src\agg_vcgen_contour.cpp">
      <Filter>Source Files</Filter>
    </ClCompile>
    <ClCompile Include="..\src-agg\src\agg_vcgen_stroke.cpp">
      <Filter>Source Files</Filter>
    </ClCompile>
    <ClCompile Include="..\src-common\aggCanvas.cpp">
      <Filter>Source Files</Filter>
    </ClCompile>
    <ClCompile Include="AssemblyInfo.cpp">
      <Filter>Source Files</Filter>
    </ClCompile>
    <ClCompile Include="..\src-common\astexpression.cpp">
      <Filter>Source Files</Filter>
    </ClCompile>
    <ClCompile Include="..\src-common\astreplacement.cpp">
      <Filter>Source Files</Filter>
    </ClCompile>
    <ClCompile Include="..\src-common\bounds.cpp">
      <Filter>Source Files</Filter>
    </ClCompile>
    <ClCompile Include="..\src-common\builder.cpp">
      <Filter>Source Files</Filter>
    </ClCompile>
    <ClCompile Include="..\src-common\cfdg.cpp">
      <Filter>Source Files</Filter>
    </ClCompile>
    <ClCompile Include="..\src-win\derived\cfdg.tab.cpp">
      <Filter>Source Files</Filter>
    </ClCompile>
    <ClCompile Include="..\src-common\cfdgimpl.cpp">
      <Filter>Source Files</Filter>
    </ClCompile>
    <ClCompile Include="ColorCalculator.cpp">
      <Filter>Source Files</Filter>
    </ClCompile>
    <ClCompile Include="ContextFreeNet.cpp">
      <Filter>Source Files</Filter>
    </ClCompile>
    <ClCompile Include="..\src-common\countable.cpp">
      <Filter>Source Files</Filter>
    </ClCompile>
    <ClCompile Include="Document.cpp">
      <Filter>Source Files</Filter>
    </ClCompile>
    <ClCompile Include="FindReplaceForm.cpp">
      <Filter>Source Files</Filter>
    </ClCompile>
    <ClCompile Include="Form1.cpp">
      <Filter>Source Files</Filter>
    </ClCompile>
    <ClCompile Include="..\src-common\HSBColor.cpp">
      <Filter>Source Files</Filter>
    </ClCompile>
    <ClCompile Include="..\src-win\derived\lex.yy.cpp">
      <Filter>Source Files</Filter>
    </ClCompile>
    <ClCompile Include="MessageCtrl.cpp">
      <Filter>Source Files</Filter>
    </ClCompile>
    <ClCompile Include="MRUManager.cpp">
      <Filter>Source Files</Filter>
    </ClCompile>
    <ClCompile Include="..\src-common\pathIterator.cpp">
      <Filter>Source Files</Filter>
    </ClCompile>
    <ClCompile Include="PreferenceManager.cpp">
      <Filter>Source Files</Filter>
    </ClCompile>
    <ClCompile Include="..\src-common\primShape.cpp">
      <Filter>Source Files</Filter>
    </ClCompile>
    <ClCompile Include="..\src-common\Rand64.cpp">
      <Filter>Source Files</Filter>
    </ClCompile>
    <ClCompile Include="..\src-common\renderimpl.cpp">
      <Filter>Source Files</Filter>
    </ClCompile>
    <ClCompile Include="RenderSizeDialog.cpp">
      <Filter>Source Files</Filter>
    </ClCompile>
    <ClCompile Include="SaveImage.cpp">
      <Filter>Source Files</Filter>
    </ClCompile>
    <ClCompile Include="SaveMovie.cpp">
      <Filter>Source Files</Filter>
    </ClCompile>
    <ClCompile Include="..\src-common\shape.cpp">
      <Filter>Source Files</Filter>
    </ClCompile>
    <ClCompile Include="..\src-common\shapeSTL.cpp">
      <Filter>Source Files</Filter>
    </ClCompile>
    <ClCompile Include="SingletonController.cpp">
      <Filter>Source Files</Filter>
    </ClCompile>
    <ClCompile Include="stdafx.cpp">
      <Filter>Source Files</Filter>
    </ClCompile>
    <ClCompile Include="..\src-common\SVGCanvas.cpp">
      <Filter>Source Files</Filter>
    </ClCompile>
    <ClCompile Include="..\src-common\tempfile.cpp">
      <Filter>Source Files</Filter>
    </ClCompile>
    <ClCompile Include="..\src-common\tiledCanvas.cpp">
      <Filter>Source Files</Filter>
    </ClCompile>
    <ClCompile Include="TrackPoint.cpp">
      <Filter>Source Files</Filter>
    </ClCompile>
    <ClCompile Include="..\src-common\upload.cpp">
      <Filter>Source Files</Filter>
    </ClCompile>
    <ClCompile Include="UploadDesign.cpp">
      <Filter>Source Files</Filter>
    </ClCompile>
    <ClCompile Include="..\src-common\variation.cpp">
      <Filter>Source Files</Filter>
    </ClCompile>
    <ClCompile Include="..\src-win\WinCanvas.cpp">
      <Filter>Source Files</Filter>
    </ClCompile>
    <ClCompile Include="..\src-win\WinSystem.cpp">
      <Filter>Source Files</Filter>
    </ClCompile>
    <ClCompile Include="..\src-common\CmdInfo.cpp">
      <Filter>Source Files</Filter>
    </ClCompile>
    <ClCompile Include="..\src-common\stacktype.cpp">
      <Filter>Source Files</Filter>
    </ClCompile>
    <ClCompile Include="..\src-common\ffCanvas.cpp">
      <Filter>Source Files</Filter>
    </ClCompile>
    <ClCompile Include="..\src-common\ast.cpp">
      <Filter>Source Files</Filter>
    </ClCompile>
    <ClCompile Include="..\src-ffmpeg\ffmpegshim.c">
      <Filter>Source Files</Filter>
    </ClCompile>
  </ItemGroup>
  <ItemGroup>
    <ClInclude Include="AboutBox.h">
      <Filter>Header Files</Filter>
    </ClInclude>
    <ClInclude Include="..\src-agg\include\agg_array.h">
      <Filter>Header Files</Filter>
    </ClInclude>
    <ClInclude Include="..\src-agg\include\agg_basics.h">
      <Filter>Header Files</Filter>
    </ClInclude>
    <ClInclude Include="..\src-agg\include\agg_bezier_arc.h">
      <Filter>Header Files</Filter>
    </ClInclude>
    <ClInclude Include="..\src-agg\include\agg_bounding_rect.h">
      <Filter>Header Files</Filter>
    </ClInclude>
    <ClInclude Include="..\src-agg\include\agg_clip_liang_barsky.h">
      <Filter>Header Files</Filter>
    </ClInclude>
    <ClInclude Include="..\src-agg\include\agg_color_gray.h">
      <Filter>Header Files</Filter>
    </ClInclude>
    <ClInclude Include="..\src-agg\include\agg_color_rgba.h">
      <Filter>Header Files</Filter>
    </ClInclude>
    <ClInclude Include="..\src-agg\include\agg_config.h">
      <Filter>Header Files</Filter>
    </ClInclude>
    <ClInclude Include="..\src-agg\include\agg_conv_adaptor_vcgen.h">
      <Filter>Header Files</Filter>
    </ClInclude>
    <ClInclude Include="..\src-agg\include\agg_conv_curve.h">
      <Filter>Header Files</Filter>
    </ClInclude>
    <ClInclude Include="..\src-agg\include\agg_conv_stroke.h">
      <Filter>Header Files</Filter>
    </ClInclude>
    <ClInclude Include="..\src-agg\include\agg_conv_transform.h">
      <Filter>Header Files</Filter>
    </ClInclude>
    <ClInclude Include="..\src-agg\include\agg_curves.h">
      <Filter>Header Files</Filter>
    </ClInclude>
    <ClInclude Include="..\src-agg\include\agg_ellipse.h">
      <Filter>Header Files</Filter>
    </ClInclude>
    <ClInclude Include="..\src-agg\include\agg_gamma_functions.h">
      <Filter>Header Files</Filter>
    </ClInclude>
    <ClInclude Include="..\src-agg\include\agg_math.h">
      <Filter>Header Files</Filter>
    </ClInclude>
    <ClInclude Include="..\src-agg\include\agg_math_stroke.h">
      <Filter>Header Files</Filter>
    </ClInclude>
    <ClInclude Include="..\src-agg\include\agg_path_storage.h">
      <Filter>Header Files</Filter>
    </ClInclude>
    <ClInclude Include="..\src-agg\include\agg_pixfmt_gray.h">
      <Filter>Header Files</Filter>
    </ClInclude>
    <ClInclude Include="..\src-agg\include\agg_pixfmt_rgb.h">
      <Filter>Header Files</Filter>
    </ClInclude>
    <ClInclude Include="..\src-agg\include\agg_pixfmt_rgba.h">
      <Filter>Header Files</Filter>
    </ClInclude>
    <ClInclude Include="..\src-agg\include\agg_rasterizer_cells_aa.h">
      <Filter>Header Files</Filter>
    </ClInclude>
    <ClInclude Include="..\src-agg\include\agg_rasterizer_scanline_aa.h">
      <Filter>Header Files</Filter>
    </ClInclude>
    <ClInclude Include="..\src-agg\include\agg_rasterizer_sl_clip.h">
      <Filter>Header Files</Filter>
    </ClInclude>
    <ClInclude Include="..\src-agg\include\agg_renderer_base.h">
      <Filter>Header Files</Filter>
    </ClInclude>
    <ClInclude Include="..\src-agg\include\agg_renderer_scanline.h">
      <Filter>Header Files</Filter>
    </ClInclude>
    <ClInclude Include="..\src-agg\include\agg_rendering_buffer.h">
      <Filter>Header Files</Filter>
    </ClInclude>
    <ClInclude Include="..\src-agg\include\agg_scanline_p.h">
      <Filter>Header Files</Filter>
    </ClInclude>
    <ClInclude Include="..\src-agg\include\agg_shorten_path.h">
      <Filter>Header Files</Filter>
    </ClInclude>
    <ClInclude Include="..\src-agg\include\agg_trans_affine.h">
      <Filter>Header Files</Filter>
    </ClInclude>
    <ClInclude Include="..\src-agg\include\agg_vcgen_contour.h">
      <Filter>Header Files</Filter>
    </ClInclude>
    <ClInclude Include="..\src-agg\include\agg_vcgen_stroke.h">
      <Filter>Header Files</Filter>
    </ClInclude>
    <ClInclude Include="..\src-agg\include\agg_vertex_sequence.h">
      <Filter>Header Files</Filter>
    </ClInclude>
    <ClInclude Include="..\src-common\aggCanvas.h">
      <Filter>Header Files</Filter>
    </ClInclude>
    <ClInclude Include="..\src-common\ast.h">
      <Filter>Header Files</Filter>
    </ClInclude>
    <ClInclude Include="..\src-common\bounds.h">
      <Filter>Header Files</Filter>
    </ClInclude>
    <ClInclude Include="..\src-common\builder.h">
      <Filter>Header Files</Filter>
    </ClInclude>
    <ClInclude Include="..\src-common\cfdg.h">
      <Filter>Header Files</Filter>
    </ClInclude>
    <ClInclude Include="..\src-common\cfdgimpl.h">
      <Filter>Header Files</Filter>
    </ClInclude>
    <ClInclude Include="CFPrefs.h">
      <Filter>Header Files</Filter>
    </ClInclude>
    <ClInclude Include="ColorCalculator.h">
      <Filter>Header Files</Filter>
    </ClInclude>
    <ClInclude Include="..\src-common\countable.h">
      <Filter>Header Files</Filter>
    </ClInclude>
    <ClInclude Include="Document.h">
      <Filter>Header Files</Filter>
    </ClInclude>
    <ClInclude Include="FindReplaceForm.h">
      <Filter>Header Files</Filter>
    </ClInclude>
    <ClInclude Include="Form1.h">
      <Filter>Header Files</Filter>
    </ClInclude>
    <ClInclude Include="..\src-common\HSBColor.h">
      <Filter>Header Files</Filter>
    </ClInclude>
    <ClInclude Include="MessageCtrl.h">
      <Filter>Header Files</Filter>
    </ClInclude>
    <ClInclude Include="MRUManager.h">
      <Filter>Header Files</Filter>
    </ClInclude>
    <ClInclude Include="..\src-common\pathIterator.h">
      <Filter>Header Files</Filter>
    </ClInclude>
    <ClInclude Include="PreferenceDialog.h">
      <Filter>Header Files</Filter>
    </ClInclude>
    <ClInclude Include="PreferenceManager.h">
      <Filter>Header Files</Filter>
    </ClInclude>
    <ClInclude Include="..\src-common\primShape.h">
      <Filter>Header Files</Filter>
    </ClInclude>
    <ClInclude Include="..\src-common\Rand64.h">
      <Filter>Header Files</Filter>
    </ClInclude>
    <ClInclude Include="..\src-common\renderimpl.h">
      <Filter>Header Files</Filter>
    </ClInclude>
    <ClInclude Include="RenderSizeDialog.h">
      <Filter>Header Files</Filter>
    </ClInclude>
    <ClInclude Include="resource.h">
      <Filter>Header Files</Filter>
    </ClInclude>
    <ClInclude Include="SaveImage.h">
      <Filter>Header Files</Filter>
    </ClInclude>
    <ClInclude Include="SaveMovie.h">
      <Filter>Header Files</Filter>
    </ClInclude>
    <ClInclude Include="..\src-common\scanner.h">
      <Filter>Header Files</Filter>
    </ClInclude>
    <ClInclude Include="..\src-common\shape.h">
      <Filter>Header Files</Filter>
    </ClInclude>
    <ClInclude Include="..\src-common\shapeSTL.h">
      <Filter>Header Files</Filter>
    </ClInclude>
    <ClInclude Include="SingletonController.h">
      <Filter>Header Files</Filter>
    </ClInclude>
    <ClInclude Include="stdafx.h">
      <Filter>Header Files</Filter>
    </ClInclude>
    <ClInclude Include="..\src-common\SVGCanvas.h">
      <Filter>Header Files</Filter>
    </ClInclude>
    <ClInclude Include="..\src-common\tempfile.h">
      <Filter>Header Files</Filter>
    </ClInclude>
    <ClInclude Include="..\src-common\tiledCanvas.h">
      <Filter>Header Files</Filter>
    </ClInclude>
    <ClInclude Include="TrackPoint.h">
      <Filter>Header Files</Filter>
    </ClInclude>
    <ClInclude Include="..\src-common\upload.h">
      <Filter>Header Files</Filter>
    </ClInclude>
    <ClInclude Include="UploadDesign.h">
      <Filter>Header Files</Filter>
    </ClInclude>
    <ClInclude Include="..\src-common\variation.h">
      <Filter>Header Files</Filter>
    </ClInclude>
    <ClInclude Include="..\src-win\WinCanvas.h">
      <Filter>Header Files</Filter>
    </ClInclude>
    <ClInclude Include="..\src-win\WinSystem.h">
      <Filter>Header Files</Filter>
    </ClInclude>
    <ClInclude Include="..\src-common\CmdInfo.h">
      <Filter>Header Files</Filter>
    </ClInclude>
    <ClInclude Include="..\src-common\stacktype.h">
      <Filter>Header Files</Filter>
    </ClInclude>
    <ClInclude Include="..\src-common\agg-extras\agg_conv_centroid.h">
      <Filter>Header Files</Filter>
    </ClInclude>
    <ClInclude Include="..\src-win\derived\cfdg.tab.hpp">
      <Filter>Header Files</Filter>
    </ClInclude>
    <ClInclude Include="..\src-common\ffCanvas.h">
      <Filter>Header Files</Filter>
    </ClInclude>
    <ClInclude Include="..\src-common\astexpression.h">
      <Filter>Header Files</Filter>
    </ClInclude>
    <ClInclude Include="..\src-common\astreplacement.h">
      <Filter>Header Files</Filter>
    </ClInclude>
  </ItemGroup>
  <ItemGroup>
    <None Include="app.ico">
      <Filter>Resource Files</Filter>
    </None>
    <None Include="..\src-win\res\busy_f01.ico">
      <Filter>Resource Files</Filter>
    </None>
    <None Include="..\src-win\res\ContextFree.ico">
      <Filter>Resource Files</Filter>
    </None>
    <None Include="..\src-win\res\dropper.cur">
      <Filter>Resource Files</Filter>
    </None>
    <None Include="..\src-win\win-install\splash.bmp">
      <Filter>Resource Files</Filter>
    </None>
    <None Include="..\input\ciliasun.cfdg" />
    <None Include="..\input\demo1.cfdg" />
    <None Include="..\input\demo2.cfdg" />
    <None Include="..\input\funky_flower.cfdg" />
    <None Include="..\input\i_curves.cfdg" />
    <None Include="..\input\i_pix.cfdg" />
    <None Include="..\input\i_polygons.cfdg" />
    <None Include="..\input\lesson.cfdg" />
    <None Include="..\input\lesson2.cfdg" />
    <None Include="..\input\mtree.cfdg" />
    <None Include="..\input\octopi.cfdg" />
    <None Include="..\input\quadcity.cfdg" />
    <None Include="ReadMe.txt" />
    <None Include="..\input\rose.cfdg" />
    <None Include="..\input\sierpinski.cfdg" />
    <None Include="..\input\snowflake.cfdg" />
    <None Include="..\input\tangle.cfdg" />
    <None Include="..\input\triples.cfdg" />
    <None Include="..\input\underground.cfdg" />
    <None Include="..\input\weighting_demo.cfdg" />
    <None Include="..\input\welcome.cfdg" />
    <None Include="..\src-win\res\widgetform.html" />
    <None Include="..\input\ziggy.cfdg" />
    <None Include="..\src-common\cfdg.l" />
    <None Include="..\src-common\cfdg.ypp" />
  </ItemGroup>
  <ItemGroup>
    <ResourceCompile Include="app.rc">
      <Filter>Resource Files</Filter>
    </ResourceCompile>
  </ItemGroup>
  <ItemGroup>
    <EmbeddedResource Include="CFresources.resx">
      <Filter>Resource Files</Filter>
    </EmbeddedResource>
    <EmbeddedResource Include="AboutBox.resx">
      <Filter>Resource Files</Filter>
    </EmbeddedResource>
    <EmbeddedResource Include="ColorCalculator.resx">
      <Filter>Resource Files</Filter>
    </EmbeddedResource>
    <EmbeddedResource Include="Document.resx">
      <Filter>Resource Files</Filter>
    </EmbeddedResource>
    <EmbeddedResource Include="FindReplaceForm.resx">
      <Filter>Resource Files</Filter>
    </EmbeddedResource>
    <EmbeddedResource Include="Form1.resX">
      <Filter>Resource Files</Filter>
    </EmbeddedResource>
    <EmbeddedResource Include="MessageCtrl.resx">
      <Filter>Resource Files</Filter>
    </EmbeddedResource>
    <EmbeddedResource Include="PreferenceDialog.resx">
      <Filter>Resource Files</Filter>
    </EmbeddedResource>
    <EmbeddedResource Include="RenderSizeDialog.resx">
      <Filter>Resource Files</Filter>
    </EmbeddedResource>
    <EmbeddedResource Include="SaveImage.resx">
      <Filter>Resource Files</Filter>
    </EmbeddedResource>
    <EmbeddedResource Include="SaveMovie.resx">
      <Filter>Resource Files</Filter>
    </EmbeddedResource>
    <EmbeddedResource Include="UploadDesign.resx">
      <Filter>Resource Files</Filter>
    </EmbeddedResource>
  </ItemGroup>
</Project>