<?xml version="1.0" encoding="utf-8"?>
<Project ToolsVersion="4.0" xmlns="http://schemas.microsoft.com/developer/msbuild/2003">
  <ItemGroup>
    <Filter Include="Source Files">
      <UniqueIdentifier>{4FC737F1-C7A5-4376-A066-2A32D752A2FF}</UniqueIdentifier>
      <Extensions>cpp;c;cc;cxx;c++;cppm;ixx;def;odl;idl;hpj;bat;asm;asmx</Extensions>
    </Filter>
    <Filter Include="Header Files">
      <UniqueIdentifier>{93995380-89BD-4b04-88EB-625FBE52EBFB}</UniqueIdentifier>
      <Extensions>h;hh;hpp;hxx;h++;hm;inl;inc;ipp;xsd</Extensions>
    </Filter>
    <Filter Include="Resource Files">
      <UniqueIdentifier>{67DA6AB6-F800-4c08-8B7A-83BB121AAD01}</UniqueIdentifier>
      <Extensions>rc;ico;cur;bmp;dlg;rc2;rct;bin;rgs;gif;jpg;jpeg;jpe;resx;tiff;tif;png;wav;mfcribbon-ms</Extensions>
    </Filter>
  </ItemGroup>
  <ItemGroup>
    <ClInclude Include="ContextFree.h">
      <Filter>Header Files</Filter>
    </ClInclude>
    <ClInclude Include="framework.h">
      <Filter>Header Files</Filter>
    </ClInclude>
    <ClInclude Include="targetver.h">
      <Filter>Header Files</Filter>
    </ClInclude>
    <ClInclude Include="MainFrm.h">
      <Filter>Header Files</Filter>
    </ClInclude>
    <ClInclude Include="ChildFrm.h">
      <Filter>Header Files</Filter>
    </ClInclude>
    <ClInclude Include="ContextFreeDoc.h">
      <Filter>Header Files</Filter>
    </ClInclude>
    <ClInclude Include="ContextFreeView.h">
      <Filter>Header Files</Filter>
    </ClInclude>
    <ClInclude Include="Resource.h">
      <Filter>Header Files</Filter>
    </ClInclude>
    <ClInclude Include="pch.h">
      <Filter>Header Files</Filter>
    </ClInclude>
    <ClInclude Include="..\..\src-common\abstractPngCanvas.h">
      <Filter>Header Files</Filter>
    </ClInclude>
    <ClInclude Include="..\..\src-common\aggCanvas.h">
      <Filter>Header Files</Filter>
    </ClInclude>
    <ClInclude Include="..\..\src-common\ast.h">
      <Filter>Header Files</Filter>
    </ClInclude>
    <ClInclude Include="..\..\src-common\astexpression.h">
      <Filter>Header Files</Filter>
    </ClInclude>
    <ClInclude Include="..\..\src-common\astreplacement.h">
      <Filter>Header Files</Filter>
    </ClInclude>
    <ClInclude Include="..\..\src-common\attributes.h">
      <Filter>Header Files</Filter>
    </ClInclude>
    <ClInclude Include="..\..\src-common\backwards.h">
      <Filter>Header Files</Filter>
    </ClInclude>
    <ClInclude Include="..\..\src-common\bounds.h">
      <Filter>Header Files</Filter>
    </ClInclude>
    <ClInclude Include="..\..\src-common\builder.h">
      <Filter>Header Files</Filter>
    </ClInclude>
    <ClInclude Include="..\..\src-common\cfdg.h">
      <Filter>Header Files</Filter>
    </ClInclude>
    <ClInclude Include="..\..\src-common\cfdgimpl.h">
      <Filter>Header Files</Filter>
    </ClInclude>
    <ClInclude Include="..\..\src-common\CFscintilla.h">
      <Filter>Header Files</Filter>
    </ClInclude>
    <ClInclude Include="..\..\src-common\chunk_vector.h">
      <Filter>Header Files</Filter>
    </ClInclude>
    <ClInclude Include="..\..\src-common\CmdInfo.h">
      <Filter>Header Files</Filter>
    </ClInclude>
    <ClInclude Include="..\..\src-common\commandLineSystem.h">
      <Filter>Header Files</Filter>
    </ClInclude>
    <ClInclude Include="..\..\src-common\config.h">
      <Filter>Header Files</Filter>
    </ClInclude>
    <ClInclude Include="..\..\src-common\examples.h">
      <Filter>Header Files</Filter>
    </ClInclude>
    <ClInclude Include="..\..\src-common\ffCanvas.h">
      <Filter>Header Files</Filter>
    </ClInclude>
    <ClInclude Include="..\..\src-common\HSBColor.h">
      <Filter>Header Files</Filter>
    </ClInclude>
    <ClInclude Include="..\..\src-common\json_fwd.hpp">
      <Filter>Header Files</Filter>
    </ClInclude>
    <ClInclude Include="..\..\src-common\json3.hpp">
      <Filter>Header Files</Filter>
    </ClInclude>
    <ClInclude Include="..\..\src-common\makeCFfilename.h">
      <Filter>Header Files</Filter>
    </ClInclude>
    <ClInclude Include="..\..\src-common\myrandom.h">
      <Filter>Header Files</Filter>
    </ClInclude>
    <ClInclude Include="..\..\src-common\pathIterator.h">
      <Filter>Header Files</Filter>
    </ClInclude>
    <ClInclude Include="..\..\src-common\prettyint.h">
      <Filter>Header Files</Filter>
    </ClInclude>
    <ClInclude Include="..\..\src-common\primShape.h">
      <Filter>Header Files</Filter>
    </ClInclude>
    <ClInclude Include="..\..\src-common\Rand64.h">
      <Filter>Header Files</Filter>
    </ClInclude>
    <ClInclude Include="..\..\src-common\rendererAST.h">
      <Filter>Header Files</Filter>
    </ClInclude>
    <ClInclude Include="..\..\src-common\renderimpl.h">
      <Filter>Header Files</Filter>
    </ClInclude>
    <ClInclude Include="..\..\src-common\scanner.h">
      <Filter>Header Files</Filter>
    </ClInclude>
    <ClInclude Include="..\..\src-common\shape.h">
      <Filter>Header Files</Filter>
    </ClInclude>
    <ClInclude Include="..\..\src-common\shapeSTL.h">
      <Filter>Header Files</Filter>
    </ClInclude>
    <ClInclude Include="..\..\src-common\stacktype.h">
      <Filter>Header Files</Filter>
    </ClInclude>
    <ClInclude Include="..\..\src-common\SVGCanvas.h">
      <Filter>Header Files</Filter>
    </ClInclude>
    <ClInclude Include="..\..\src-common\tempfile.h">
      <Filter>Header Files</Filter>
    </ClInclude>
    <ClInclude Include="..\..\src-common\tiledCanvas.h">
      <Filter>Header Files</Filter>
    </ClInclude>
    <ClInclude Include="..\..\src-common\upload.h">
      <Filter>Header Files</Filter>
    </ClInclude>
    <ClInclude Include="..\..\src-common\variation.h">
      <Filter>Header Files</Filter>
    </ClInclude>
    <ClInclude Include="..\..\src-common\version.h">
      <Filter>Header Files</Filter>
    </ClInclude>
    <ClInclude Include="..\..\src-common\xorshift64star.h">
      <Filter>Header Files</Filter>
    </ClInclude>
    <ClInclude Include="..\..\src-common\agg-extras\agg_copy_rect.h">
      <Filter>Header Files</Filter>
    </ClInclude>
    <ClInclude Include="..\..\src-common\agg-extras\agg_fast_ellipse.h">
      <Filter>Header Files</Filter>
    </ClInclude>
    <ClInclude Include="..\..\src-common\agg-extras\agg_trans_affine_1D.h">
      <Filter>Header Files</Filter>
    </ClInclude>
    <ClInclude Include="..\..\src-common\agg-extras\agg_trans_affine_time.h">
      <Filter>Header Files</Filter>
    </ClInclude>
    <ClInclude Include="RenderParams.h">
      <Filter>Header Files</Filter>
    </ClInclude>
    <ClInclude Include="..\..\src-win\Win32System.h">
      <Filter>Header Files</Filter>
    </ClInclude>
    <ClInclude Include="..\..\src-win\WinCanvas.h">
      <Filter>Header Files</Filter>
    </ClInclude>
    <ClInclude Include="..\..\src-win\WinSystem.h">
      <Filter>Header Files</Filter>
    </ClInclude>
    <ClInclude Include="..\..\src-win\winTimer.h">
      <Filter>Header Files</Filter>
    </ClInclude>
    <ClInclude Include="CMemDC.h">
      <Filter>Header Files</Filter>
    </ClInclude>
    <ClInclude Include="RenderSize.h">
      <Filter>Header Files</Filter>
    </ClInclude>
    <ClInclude Include="Animate.h">
      <Filter>Header Files</Filter>
    </ClInclude>
    <ClInclude Include="MovieFileSave.h">
      <Filter>Header Files</Filter>
    </ClInclude>
    <ClInclude Include="ImageFileSave.h">
      <Filter>Header Files</Filter>
    </ClInclude>
    <ClInclude Include="..\..\src-unix\pngCanvas.h">
      <Filter>Header Files</Filter>
    </ClInclude>
    <ClInclude Include="WinPngCanvas.h">
      <Filter>Header Files</Filter>
    </ClInclude>
    <ClInclude Include="MessagePane.h">
      <Filter>Header Files</Filter>
    </ClInclude>
    <ClInclude Include="Settings.h">
      <Filter>Header Files</Filter>
    </ClInclude>
    <ClInclude Include="Preferences.h">
      <Filter>Header Files</Filter>
    </ClInclude>
    <ClInclude Include="EditorParams.h">
      <Filter>Header Files</Filter>
    </ClInclude>
    <ClInclude Include="PrefsPageGeneral.h">
      <Filter>Header Files</Filter>
    </ClInclude>
    <ClInclude Include="PrefsPageEditor.h">
      <Filter>Header Files</Filter>
    </ClInclude>
    <ClInclude Include="CFScintillaView.h">
      <Filter>Header Files</Filter>
    </ClInclude>
    <ClInclude Include="ScintillaCtrl.h">
      <Filter>Header Files</Filter>
    </ClInclude>
    <ClInclude Include="ScintillaDocView.h">
      <Filter>Header Files</Filter>
    </ClInclude>
    <ClInclude Include="myafxcolorpickerctrl.h">
      <Filter>Header Files</Filter>
    </ClInclude>
    <ClInclude Include="ColorCalculator.h">
      <Filter>Header Files</Filter>
    </ClInclude>
  </ItemGroup>
  <ItemGroup>
    <ClCompile Include="ContextFree.cpp">
      <Filter>Source Files</Filter>
    </ClCompile>
    <ClCompile Include="MainFrm.cpp">
      <Filter>Source Files</Filter>
    </ClCompile>
    <ClCompile Include="ChildFrm.cpp">
      <Filter>Source Files</Filter>
    </ClCompile>
    <ClCompile Include="ContextFreeDoc.cpp">
      <Filter>Source Files</Filter>
    </ClCompile>
    <ClCompile Include="ContextFreeView.cpp">
      <Filter>Source Files</Filter>
    </ClCompile>
    <ClCompile Include="pch.cpp">
      <Filter>Source Files</Filter>
    </ClCompile>
    <ClCompile Include="..\..\src-common\abstractPngCanvas.cpp">
      <Filter>Source Files</Filter>
    </ClCompile>
    <ClCompile Include="..\..\src-common\aggCanvas.cpp">
      <Filter>Source Files</Filter>
    </ClCompile>
    <ClCompile Include="..\..\src-common\ast.cpp">
      <Filter>Source Files</Filter>
    </ClCompile>
    <ClCompile Include="..\..\src-common\astexpression.cpp">
      <Filter>Source Files</Filter>
    </ClCompile>
    <ClCompile Include="..\..\src-common\astreplacement.cpp">
      <Filter>Source Files</Filter>
    </ClCompile>
    <ClCompile Include="..\..\src-common\bounds.cpp">
      <Filter>Source Files</Filter>
    </ClCompile>
    <ClCompile Include="..\..\src-common\builder.cpp">
      <Filter>Source Files</Filter>
    </ClCompile>
    <ClCompile Include="..\..\src-common\cfdg.cpp">
      <Filter>Source Files</Filter>
    </ClCompile>
    <ClCompile Include="..\..\src-common\cfdgimpl.cpp">
      <Filter>Source Files</Filter>
    </ClCompile>
    <ClCompile Include="..\..\src-common\CmdInfo.cpp">
      <Filter>Source Files</Filter>
    </ClCompile>
    <ClCompile Include="..\..\src-common\commandLineSystem.cpp">
      <Filter>Source Files</Filter>
    </ClCompile>
    <ClCompile Include="..\..\src-common\HSBColor.cpp">
      <Filter>Source Files</Filter>
    </ClCompile>
    <ClCompile Include="..\..\src-common\makeCFfilename.cpp">
      <Filter>Source Files</Filter>
    </ClCompile>
    <ClCompile Include="..\..\src-common\pathIterator.cpp">
      <Filter>Source Files</Filter>
    </ClCompile>
    <ClCompile Include="..\..\src-common\prettyint.cpp">
      <Filter>Source Files</Filter>
    </ClCompile>
    <ClCompile Include="..\..\src-common\primShape.cpp">
      <Filter>Source Files</Filter>
    </ClCompile>
    <ClCompile Include="..\..\src-common\Rand64.cpp">
      <Filter>Source Files</Filter>
    </ClCompile>
    <ClCompile Include="..\..\src-common\rendererAST.cpp">
      <Filter>Source Files</Filter>
    </ClCompile>
    <ClCompile Include="..\..\src-common\renderimpl.cpp">
      <Filter>Source Files</Filter>
    </ClCompile>
    <ClCompile Include="..\..\src-common\shape.cpp">
      <Filter>Source Files</Filter>
    </ClCompile>
    <ClCompile Include="..\..\src-common\shapeSTL.cpp">
      <Filter>Source Files</Filter>
    </ClCompile>
    <ClCompile Include="..\..\src-common\stacktype.cpp">
      <Filter>Source Files</Filter>
    </ClCompile>
    <ClCompile Include="..\..\src-common\SVGCanvas.cpp">
      <Filter>Source Files</Filter>
    </ClCompile>
    <ClCompile Include="..\..\src-common\tempfile.cpp">
      <Filter>Source Files</Filter>
    </ClCompile>
    <ClCompile Include="..\..\src-common\tiledCanvas.cpp">
      <Filter>Source Files</Filter>
    </ClCompile>
    <ClCompile Include="..\..\src-common\upload.cpp">
      <Filter>Source Files</Filter>
    </ClCompile>
    <ClCompile Include="..\..\src-common\variation.cpp">
      <Filter>Source Files</Filter>
    </ClCompile>
    <ClCompile Include="..\..\src-agg\src\agg_bezier_arc.cpp">
      <Filter>Source Files</Filter>
    </ClCompile>
    <ClCompile Include="..\..\src-agg\src\agg_color_rgba.cpp">
      <Filter>Source Files</Filter>
    </ClCompile>
    <ClCompile Include="..\..\src-agg\src\agg_curves.cpp">
      <Filter>Source Files</Filter>
    </ClCompile>
    <ClCompile Include="..\..\src-agg\src\agg_trans_affine.cpp">
      <Filter>Source Files</Filter>
    </ClCompile>
    <ClCompile Include="..\..\src-agg\src\agg_vcgen_contour.cpp">
      <Filter>Source Files</Filter>
    </ClCompile>
    <ClCompile Include="..\..\src-agg\src\agg_vcgen_stroke.cpp">
      <Filter>Source Files</Filter>
    </ClCompile>
    <ClCompile Include="..\..\src-win\derived\cfdg.tab.cpp">
      <Filter>Source Files</Filter>
    </ClCompile>
    <ClCompile Include="..\..\src-win\derived\lex.yy.cpp">
      <Filter>Source Files</Filter>
    </ClCompile>
    <ClCompile Include="RenderParams.cpp">
      <Filter>Source Files</Filter>
    </ClCompile>
    <ClCompile Include="..\..\src-win\Win32System.cpp">
      <Filter>Source Files</Filter>
    </ClCompile>
    <ClCompile Include="..\..\src-win\WinCanvas.cpp">
      <Filter>Source Files</Filter>
    </ClCompile>
    <ClCompile Include="..\..\src-win\WinSystem.cpp">
      <Filter>Source Files</Filter>
    </ClCompile>
    <ClCompile Include="..\..\src-win\winTimer.cpp">
      <Filter>Source Files</Filter>
    </ClCompile>
    <ClCompile Include="RenderSize.cpp">
      <Filter>Source Files</Filter>
    </ClCompile>
    <ClCompile Include="Animate.cpp">
      <Filter>Source Files</Filter>
    </ClCompile>
    <ClCompile Include="..\..\src-common\ffCanvas.cpp">
      <Filter>Source Files</Filter>
    </ClCompile>
    <ClCompile Include="MovieFileSave.cpp">
      <Filter>Source Files</Filter>
    </ClCompile>
    <ClCompile Include="ImageFileSave.cpp">
      <Filter>Source Files</Filter>
    </ClCompile>
    <ClCompile Include="..\..\src-unix\pngCanvas.cpp">
      <Filter>Source Files</Filter>
    </ClCompile>
    <ClCompile Include="WinPngCanvas.cpp">
      <Filter>Source Files</Filter>
    </ClCompile>
    <ClCompile Include="MessagePane.cpp">
      <Filter>Source Files</Filter>
    </ClCompile>
    <ClCompile Include="Settings.cpp">
      <Filter>Source Files</Filter>
    </ClCompile>
    <ClCompile Include="Preferences.cpp">
      <Filter>Source Files</Filter>
    </ClCompile>
    <ClCompile Include="EditorParams.cpp">
      <Filter>Source Files</Filter>
    </ClCompile>
    <ClCompile Include="PrefsPageGeneral.cpp">
      <Filter>Source Files</Filter>
    </ClCompile>
    <ClCompile Include="PrefsPageEditor.cpp">
      <Filter>Source Files</Filter>
    </ClCompile>
    <ClCompile Include="CFScintillaView.cpp">
      <Filter>Source Files</Filter>
    </ClCompile>
    <ClCompile Include="ScintillaCtrl.cpp">
      <Filter>Source Files</Filter>
    </ClCompile>
    <ClCompile Include="ScintillaDocView.cpp">
      <Filter>Source Files</Filter>
    </ClCompile>
    <ClCompile Include="..\..\src-common\CFscintilla.cpp">
      <Filter>Source Files</Filter>
    </ClCompile>
    <ClCompile Include="myafxcolorpickerctrl.cpp">
      <Filter>Source Files</Filter>
    </ClCompile>
    <ClCompile Include="ColorCalculator.cpp">
      <Filter>Source Files</Filter>
    </ClCompile>
  </ItemGroup>
  <ItemGroup>
    <None Include="ContextFree.reg" />
    <None Include="res\ContextFree.rc2">
      <Filter>Resource Files</Filter>
    </None>
    <None Include="..\..\src-common\cfdg.l" />
    <None Include="..\..\src-common\cfdg.ypp" />
  </ItemGroup>
  <ItemGroup>
    <ResourceCompile Include="ContextFree.rc">
      <Filter>Resource Files</Filter>
    </ResourceCompile>
  </ItemGroup>
  <ItemGroup>
    <Image Include="res\ContextFreeDoc.ico">
      <Filter>Resource Files</Filter>
    </Image>
    <Image Include="res\ContextFree.ico">
      <Filter>Resource Files</Filter>
    </Image>
    <Image Include="res\Toolbar.bmp">
      <Filter>Resource Files</Filter>
    </Image>
    <Image Include="res\dot.ico">
      <Filter>Resource Files</Filter>
    </Image>
    <Image Include="res\Edera.bmp">
      <Filter>Resource Files</Filter>
    </Image>
  </ItemGroup>
  <ItemGroup>
    <Text Include="..\..\src-common\CREDITS.TXT" />
  </ItemGroup>
</Project>