<?xml version="1.0" encoding="UTF-8" standalone="yes" ?>
<CodeBlocks_project_file>
   <FileVersion major="1" minor="6" />
   <Project>
      <Option title="context-free" />
      <Option makefile_is_custom="1" />
      <Option compiler="gcc" />
      <Option virtualFolders="CMake Files\;CMake Files\..\;CMake Files\..\..\;CMake Files\..\..\..\;CMake Files\..\..\..\..\;CMake Files\..\..\..\..\..\;CMake Files\..\..\..\..\..\usr\;CMake Files\..\..\..\..\..\usr\lib\;CMake Files\..\..\..\..\..\usr\lib\x86_64-linux-gnu\;CMake Files\..\..\..\..\..\usr\lib\x86_64-linux-gnu\cmake\;CMake Files\..\..\..\..\..\usr\lib\x86_64-linux-gnu\cmake\Qt5Widgets\;CMake Files\..\..\..\..\..\usr\lib\x86_64-linux-gnu\cmake\Qt5Gui\;CMake Files\..\..\..\..\..\usr\lib\x86_64-linux-gnu\cmake\Qt5Core\;CMake Files\..\..\..\..\..\usr\lib\x86_64-linux-gnu\cmake\Qt5Test\;" />
      <Build>
      <Target title="all">
         <Option working_dir="/home/kiernan/code/context-free/src-qt" />
         <Option type="4" />
         <MakeCommands>
            <Build command="/usr/bin/make -f &quot;/home/kiernan/code/context-free/src-qt/Makefile&quot;  VERBOSE=1 all" />
            <CompileFile command="/usr/bin/make -f &quot;/home/kiernan/code/context-free/src-qt/Makefile&quot;  VERBOSE=1 &quot;$file&quot;" />
            <Clean command="/usr/bin/make -f &quot;/home/kiernan/code/context-free/src-qt/Makefile&quot;  VERBOSE=1 clean" />
            <DistClean command="/usr/bin/make -f &quot;/home/kiernan/code/context-free/src-qt/Makefile&quot;  VERBOSE=1 clean" />
         </MakeCommands>
      </Target>
      <Target title="edit_cache">
         <Option working_dir="/home/kiernan/code/context-free/src-qt" />
         <Option type="4" />
         <MakeCommands>
            <Build command="/usr/bin/make -f &quot;/home/kiernan/code/context-free/src-qt/Makefile&quot;  VERBOSE=1 edit_cache" />
            <CompileFile command="/usr/bin/make -f &quot;/home/kiernan/code/context-free/src-qt/Makefile&quot;  VERBOSE=1 &quot;$file&quot;" />
            <Clean command="/usr/bin/make -f &quot;/home/kiernan/code/context-free/src-qt/Makefile&quot;  VERBOSE=1 clean" />
            <DistClean command="/usr/bin/make -f &quot;/home/kiernan/code/context-free/src-qt/Makefile&quot;  VERBOSE=1 clean" />
         </MakeCommands>
      </Target>
      <Target title="rebuild_cache">
         <Option working_dir="/home/kiernan/code/context-free/src-qt" />
         <Option type="4" />
         <MakeCommands>
            <Build command="/usr/bin/make -f &quot;/home/kiernan/code/context-free/src-qt/Makefile&quot;  VERBOSE=1 rebuild_cache" />
            <CompileFile command="/usr/bin/make -f &quot;/home/kiernan/code/context-free/src-qt/Makefile&quot;  VERBOSE=1 &quot;$file&quot;" />
            <Clean command="/usr/bin/make -f &quot;/home/kiernan/code/context-free/src-qt/Makefile&quot;  VERBOSE=1 clean" />
            <DistClean command="/usr/bin/make -f &quot;/home/kiernan/code/context-free/src-qt/Makefile&quot;  VERBOSE=1 clean" />
         </MakeCommands>
      </Target>
      <Target title="context-free">
         <Option output="/home/kiernan/code/context-free/src-qt/context-free" prefix_auto="0" extension_auto="0" />
         <Option working_dir="/home/kiernan/code/context-free/src-qt" />
         <Option object_output="./" />
         <Option type="1" />
         <Option compiler="gcc" />
         <Compiler>
            <Add option="-DQT_WIDGETS_LIB" />
            <Add option="-DQT_GUI_LIB" />
            <Add option="-DQT_CORE_LIB" />
            <Add option="-DQT_NO_DEBUG" />
            <Add option="-DQT_TESTLIB_LIB" />
            <Add directory="/home/kiernan/code/context-free/src-qt" />
            <Add directory="/home/kiernan/code/context-free/src-qt/../src-agg" />
            <Add directory="/home/kiernan/code/context-free/src-qt/../src-common" />
            <Add directory="/home/kiernan/code/context-free/src-qt/../src-common/agg-extras" />
            <Add directory="/home/kiernan/code/context-free/src-qt/../src-unix" />
            <Add directory="/home/kiernan/code/context-free/src-qt/../src-win/derived" />
            <Add directory="/usr/include/x86_64-linux-gnu/qt5" />
            <Add directory="/usr/include/x86_64-linux-gnu/qt5/QtCore" />
            <Add directory="/usr/include/x86_64-linux-gnu/qt5/QtGui" />
            <Add directory="/usr/include/x86_64-linux-gnu/qt5/QtTest" />
            <Add directory="/usr/include/x86_64-linux-gnu/qt5/QtWidgets" />
            <Add directory="/usr/lib/x86_64-linux-gnu/qt5/mkspecs/linux-g++-64" />
         </Compiler>
         <MakeCommands>
            <Build command="/usr/bin/make -f &quot;/home/kiernan/code/context-free/src-qt/Makefile&quot;  VERBOSE=1 context-free" />
            <CompileFile command="/usr/bin/make -f &quot;/home/kiernan/code/context-free/src-qt/Makefile&quot;  VERBOSE=1 &quot;$file&quot;" />
            <Clean command="/usr/bin/make -f &quot;/home/kiernan/code/context-free/src-qt/Makefile&quot;  VERBOSE=1 clean" />
            <DistClean command="/usr/bin/make -f &quot;/home/kiernan/code/context-free/src-qt/Makefile&quot;  VERBOSE=1 clean" />
         </MakeCommands>
      </Target>
      <Target title="context-free/fast">
         <Option output="/home/kiernan/code/context-free/src-qt/context-free" prefix_auto="0" extension_auto="0" />
         <Option working_dir="/home/kiernan/code/context-free/src-qt" />
         <Option object_output="./" />
         <Option type="1" />
         <Option compiler="gcc" />
         <Compiler>
            <Add option="-DQT_WIDGETS_LIB" />
            <Add option="-DQT_GUI_LIB" />
            <Add option="-DQT_CORE_LIB" />
            <Add option="-DQT_NO_DEBUG" />
            <Add option="-DQT_TESTLIB_LIB" />
            <Add directory="/home/kiernan/code/context-free/src-qt" />
            <Add directory="/home/kiernan/code/context-free/src-qt/../src-agg" />
            <Add directory="/home/kiernan/code/context-free/src-qt/../src-common" />
            <Add directory="/home/kiernan/code/context-free/src-qt/../src-common/agg-extras" />
            <Add directory="/home/kiernan/code/context-free/src-qt/../src-unix" />
            <Add directory="/home/kiernan/code/context-free/src-qt/../src-win/derived" />
            <Add directory="/usr/include/x86_64-linux-gnu/qt5" />
            <Add directory="/usr/include/x86_64-linux-gnu/qt5/QtCore" />
            <Add directory="/usr/include/x86_64-linux-gnu/qt5/QtGui" />
            <Add directory="/usr/include/x86_64-linux-gnu/qt5/QtTest" />
            <Add directory="/usr/include/x86_64-linux-gnu/qt5/QtWidgets" />
            <Add directory="/usr/lib/x86_64-linux-gnu/qt5/mkspecs/linux-g++-64" />
         </Compiler>
         <MakeCommands>
            <Build command="/usr/bin/make -f &quot;/home/kiernan/code/context-free/src-qt/Makefile&quot;  VERBOSE=1 context-free/fast" />
            <CompileFile command="/usr/bin/make -f &quot;/home/kiernan/code/context-free/src-qt/Makefile&quot;  VERBOSE=1 &quot;$file&quot;" />
            <Clean command="/usr/bin/make -f &quot;/home/kiernan/code/context-free/src-qt/Makefile&quot;  VERBOSE=1 clean" />
            <DistClean command="/usr/bin/make -f &quot;/home/kiernan/code/context-free/src-qt/Makefile&quot;  VERBOSE=1 clean" />
         </MakeCommands>
      </Target>
      <Target title="context-free_automoc">
         <Option working_dir="/home/kiernan/code/context-free/src-qt" />
         <Option type="4" />
         <MakeCommands>
            <Build command="/usr/bin/make -f &quot;/home/kiernan/code/context-free/src-qt/Makefile&quot;  VERBOSE=1 context-free_automoc" />
            <CompileFile command="/usr/bin/make -f &quot;/home/kiernan/code/context-free/src-qt/Makefile&quot;  VERBOSE=1 &quot;$file&quot;" />
            <Clean command="/usr/bin/make -f &quot;/home/kiernan/code/context-free/src-qt/Makefile&quot;  VERBOSE=1 clean" />
            <DistClean command="/usr/bin/make -f &quot;/home/kiernan/code/context-free/src-qt/Makefile&quot;  VERBOSE=1 clean" />
         </MakeCommands>
      </Target>
      </Build>
      <Unit filename="/home/kiernan/code/context-free/objs">
         <Option target="context-free"/>
      </Unit>
      <Unit filename="/home/kiernan/code/context-free/src-qt/cfdg_highlighter.cpp">
         <Option target="context-free"/>
      </Unit>
      <Unit filename="/home/kiernan/code/context-free/src-qt/cfdg_highlighter.h">
         <Option target="context-free"/>
      </Unit>
      <Unit filename="/home/kiernan/code/context-free/src-qt/main.cpp">
         <Option target="context-free"/>
      </Unit>
      <Unit filename="/home/kiernan/code/context-free/src-qt/mainwindow.cpp">
         <Option target="context-free"/>
      </Unit>
      <Unit filename="/home/kiernan/code/context-free/src-qt/mainwindow.h">
         <Option target="context-free"/>
      </Unit>
      <Unit filename="/home/kiernan/code/context-free/src-qt/qtcanvas.cpp">
         <Option target="context-free"/>
      </Unit>
      <Unit filename="/home/kiernan/code/context-free/src-qt/qtcanvas.h">
         <Option target="context-free"/>
      </Unit>
      <Unit filename="/home/kiernan/code/context-free/src-qt/qtsystem.cpp">
         <Option target="context-free"/>
      </Unit>
      <Unit filename="/home/kiernan/code/context-free/src-qt/qtsystem.h">
         <Option target="context-free"/>
      </Unit>
      <Unit filename="/home/kiernan/code/context-free/src-qt/CMakeLists.txt">
          <Option virtualFolder="CMake Files\" />
      </Unit>
      <Unit filename="/home/kiernan/code/context-free/src-qt/../../../../../usr/lib/x86_64-linux-gnu/cmake/Qt5Widgets/Qt5WidgetsConfigVersion.cmake">
          <Option virtualFolder="CMake Files\..\..\..\..\..\usr\lib\x86_64-linux-gnu\cmake\Qt5Widgets\" />
      </Unit>
      <Unit filename="/home/kiernan/code/context-free/src-qt/../../../../../usr/lib/x86_64-linux-gnu/cmake/Qt5Widgets/Qt5WidgetsConfig.cmake">
          <Option virtualFolder="CMake Files\..\..\..\..\..\usr\lib\x86_64-linux-gnu\cmake\Qt5Widgets\" />
      </Unit>
      <Unit filename="/home/kiernan/code/context-free/src-qt/../../../../../usr/lib/x86_64-linux-gnu/cmake/Qt5Widgets/Qt5WidgetsConfigExtras.cmake">
          <Option virtualFolder="CMake Files\..\..\..\..\..\usr\lib\x86_64-linux-gnu\cmake\Qt5Widgets\" />
      </Unit>
      <Unit filename="/home/kiernan/code/context-free/src-qt/../../../../../usr/lib/x86_64-linux-gnu/cmake/Qt5Widgets/Qt5WidgetsMacros.cmake">
          <Option virtualFolder="CMake Files\..\..\..\..\..\usr\lib\x86_64-linux-gnu\cmake\Qt5Widgets\" />
      </Unit>
      <Unit filename="/home/kiernan/code/context-free/src-qt/../../../../../usr/lib/x86_64-linux-gnu/cmake/Qt5Gui/Qt5GuiConfigVersion.cmake">
          <Option virtualFolder="CMake Files\..\..\..\..\..\usr\lib\x86_64-linux-gnu\cmake\Qt5Gui\" />
      </Unit>
      <Unit filename="/home/kiernan/code/context-free/src-qt/../../../../../usr/lib/x86_64-linux-gnu/cmake/Qt5Gui/Qt5GuiConfig.cmake">
          <Option virtualFolder="CMake Files\..\..\..\..\..\usr\lib\x86_64-linux-gnu\cmake\Qt5Gui\" />
      </Unit>
      <Unit filename="/home/kiernan/code/context-free/src-qt/../../../../../usr/lib/x86_64-linux-gnu/cmake/Qt5Gui/Qt5GuiConfigExtras.cmake">
          <Option virtualFolder="CMake Files\..\..\..\..\..\usr\lib\x86_64-linux-gnu\cmake\Qt5Gui\" />
      </Unit>
      <Unit filename="/home/kiernan/code/context-free/src-qt/../../../../../usr/lib/x86_64-linux-gnu/cmake/Qt5Core/Qt5CoreConfigVersion.cmake">
          <Option virtualFolder="CMake Files\..\..\..\..\..\usr\lib\x86_64-linux-gnu\cmake\Qt5Core\" />
      </Unit>
      <Unit filename="/home/kiernan/code/context-free/src-qt/../../../../../usr/lib/x86_64-linux-gnu/cmake/Qt5Core/Qt5CoreConfig.cmake">
          <Option virtualFolder="CMake Files\..\..\..\..\..\usr\lib\x86_64-linux-gnu\cmake\Qt5Core\" />
      </Unit>
      <Unit filename="/home/kiernan/code/context-free/src-qt/../../../../../usr/lib/x86_64-linux-gnu/cmake/Qt5Core/Qt5CoreConfigExtras.cmake">
          <Option virtualFolder="CMake Files\..\..\..\..\..\usr\lib\x86_64-linux-gnu\cmake\Qt5Core\" />
      </Unit>
      <Unit filename="/home/kiernan/code/context-free/src-qt/../../../../../usr/lib/x86_64-linux-gnu/cmake/Qt5Core/Qt5CoreConfigExtrasMkspecDir.cmake">
          <Option virtualFolder="CMake Files\..\..\..\..\..\usr\lib\x86_64-linux-gnu\cmake\Qt5Core\" />
      </Unit>
      <Unit filename="/home/kiernan/code/context-free/src-qt/../../../../../usr/lib/x86_64-linux-gnu/cmake/Qt5Core/Qt5CoreMacros.cmake">
          <Option virtualFolder="CMake Files\..\..\..\..\..\usr\lib\x86_64-linux-gnu\cmake\Qt5Core\" />
      </Unit>
      <Unit filename="/home/kiernan/code/context-free/src-qt/../../../../../usr/lib/x86_64-linux-gnu/cmake/Qt5Test/Qt5TestConfigVersion.cmake">
          <Option virtualFolder="CMake Files\..\..\..\..\..\usr\lib\x86_64-linux-gnu\cmake\Qt5Test\" />
      </Unit>
      <Unit filename="/home/kiernan/code/context-free/src-qt/../../../../../usr/lib/x86_64-linux-gnu/cmake/Qt5Test/Qt5TestConfig.cmake">
          <Option virtualFolder="CMake Files\..\..\..\..\..\usr\lib\x86_64-linux-gnu\cmake\Qt5Test\" />
      </Unit>
   </Project>
</CodeBlocks_project_file>
